// !$*UTF8*$!
{
	archiveVersion = 1;
	classes = {
	};
	objectVersion = 51;
	objects = {

/* Begin PBXBuildFile section */
		2DD1BAB1058AF05B0C030BBB /* Pods_Parsetagram.framework in Frameworks */ = {isa = PBXBuildFile; fileRef = BC181150F653783191D9F9D2 /* Pods_Parsetagram.framework */; };
		BA14D55C2544040100447BB6 /* PostCell.swift in Sources */ = {isa = PBXBuildFile; fileRef = BA14D55B2544040100447BB6 /* PostCell.swift */; };
		BA550D0D2543E0D7003A7634 /* AppDelegate.swift in Sources */ = {isa = PBXBuildFile; fileRef = BA550D0C2543E0D7003A7634 /* AppDelegate.swift */; };
		BA550D0F2543E0D7003A7634 /* SceneDelegate.swift in Sources */ = {isa = PBXBuildFile; fileRef = BA550D0E2543E0D7003A7634 /* SceneDelegate.swift */; };
		BA550D142543E0D7003A7634 /* Main.storyboard in Resources */ = {isa = PBXBuildFile; fileRef = BA550D122543E0D7003A7634 /* Main.storyboard */; };
		BA550D162543E0D8003A7634 /* Assets.xcassets in Resources */ = {isa = PBXBuildFile; fileRef = BA550D152543E0D8003A7634 /* Assets.xcassets */; };
		BA550D192543E0D8003A7634 /* LaunchScreen.storyboard in Resources */ = {isa = PBXBuildFile; fileRef = BA550D172543E0D8003A7634 /* LaunchScreen.storyboard */; };
		BA550D242543E0D9003A7634 /* ParsetagramTests.swift in Sources */ = {isa = PBXBuildFile; fileRef = BA550D232543E0D9003A7634 /* ParsetagramTests.swift */; };
		BA550D2F2543E0D9003A7634 /* ParsetagramUITests.swift in Sources */ = {isa = PBXBuildFile; fileRef = BA550D2E2543E0D9003A7634 /* ParsetagramUITests.swift */; };
		BA550D4F2543E5EA003A7634 /* LoginViewController.swift in Sources */ = {isa = PBXBuildFile; fileRef = BA550D4E2543E5EA003A7634 /* LoginViewController.swift */; };
		BA550D542543E5F9003A7634 /* FeedViewController.swift in Sources */ = {isa = PBXBuildFile; fileRef = BA550D532543E5F9003A7634 /* FeedViewController.swift */; };
		BA550D592543F035003A7634 /* CameraViewController.swift in Sources */ = {isa = PBXBuildFile; fileRef = BA550D582543F035003A7634 /* CameraViewController.swift */; };
		BAC44486254D0A8E004E3854 /* CommentCell.swift in Sources */ = {isa = PBXBuildFile; fileRef = BAC44485254D0A8E004E3854 /* CommentCell.swift */; };
/* End PBXBuildFile section */

/* Begin PBXContainerItemProxy section */
		BA550D202543E0D9003A7634 /* PBXContainerItemProxy */ = {
			isa = PBXContainerItemProxy;
			containerPortal = BA550D012543E0D7003A7634 /* Project object */;
			proxyType = 1;
			remoteGlobalIDString = BA550D082543E0D7003A7634;
			remoteInfo = Parsetagram;
		};
		BA550D2B2543E0D9003A7634 /* PBXContainerItemProxy */ = {
			isa = PBXContainerItemProxy;
			containerPortal = BA550D012543E0D7003A7634 /* Project object */;
			proxyType = 1;
			remoteGlobalIDString = BA550D082543E0D7003A7634;
			remoteInfo = Parsetagram;
		};
/* End PBXContainerItemProxy section */

/* Begin PBXFileReference section */
		87896F7484224C2CF708EFB0 /* Pods-Parsetagram.release.xcconfig */ = {isa = PBXFileReference; includeInIndex = 1; lastKnownFileType = text.xcconfig; name = "Pods-Parsetagram.release.xcconfig"; path = "Target Support Files/Pods-Parsetagram/Pods-Parsetagram.release.xcconfig"; sourceTree = "<group>"; };
		BA14D55B2544040100447BB6 /* PostCell.swift */ = {isa = PBXFileReference; lastKnownFileType = sourcecode.swift; path = PostCell.swift; sourceTree = "<group>"; };
		BA550D092543E0D7003A7634 /* Parsetagram.app */ = {isa = PBXFileReference; explicitFileType = wrapper.application; includeInIndex = 0; path = Parsetagram.app; sourceTree = BUILT_PRODUCTS_DIR; };
		BA550D0C2543E0D7003A7634 /* AppDelegate.swift */ = {isa = PBXFileReference; lastKnownFileType = sourcecode.swift; path = AppDelegate.swift; sourceTree = "<group>"; };
		BA550D0E2543E0D7003A7634 /* SceneDelegate.swift */ = {isa = PBXFileReference; lastKnownFileType = sourcecode.swift; path = SceneDelegate.swift; sourceTree = "<group>"; };
		BA550D132543E0D7003A7634 /* Base */ = {isa = PBXFileReference; lastKnownFileType = file.storyboard; name = Base; path = Base.lproj/Main.storyboard; sourceTree = "<group>"; };
		BA550D152543E0D8003A7634 /* Assets.xcassets */ = {isa = PBXFileReference; lastKnownFileType = folder.assetcatalog; path = Assets.xcassets; sourceTree = "<group>"; };
		BA550D182543E0D8003A7634 /* Base */ = {isa = PBXFileReference; lastKnownFileType = file.storyboard; name = Base; path = Base.lproj/LaunchScreen.storyboard; sourceTree = "<group>"; };
		BA550D1A2543E0D8003A7634 /* Info.plist */ = {isa = PBXFileReference; lastKnownFileType = text.plist.xml; path = Info.plist; sourceTree = "<group>"; };
		BA550D1F2543E0D9003A7634 /* ParsetagramTests.xctest */ = {isa = PBXFileReference; explicitFileType = wrapper.cfbundle; includeInIndex = 0; path = ParsetagramTests.xctest; sourceTree = BUILT_PRODUCTS_DIR; };
		BA550D232543E0D9003A7634 /* ParsetagramTests.swift */ = {isa = PBXFileReference; lastKnownFileType = sourcecode.swift; path = ParsetagramTests.swift; sourceTree = "<group>"; };
		BA550D252543E0D9003A7634 /* Info.plist */ = {isa = PBXFileReference; lastKnownFileType = text.plist.xml; path = Info.plist; sourceTree = "<group>"; };
		BA550D2A2543E0D9003A7634 /* ParsetagramUITests.xctest */ = {isa = PBXFileReference; explicitFileType = wrapper.cfbundle; includeInIndex = 0; path = ParsetagramUITests.xctest; sourceTree = BUILT_PRODUCTS_DIR; };
		BA550D2E2543E0D9003A7634 /* ParsetagramUITests.swift */ = {isa = PBXFileReference; lastKnownFileType = sourcecode.swift; path = ParsetagramUITests.swift; sourceTree = "<group>"; };
		BA550D302543E0D9003A7634 /* Info.plist */ = {isa = PBXFileReference; lastKnownFileType = text.plist.xml; path = Info.plist; sourceTree = "<group>"; };
		BA550D4E2543E5EA003A7634 /* LoginViewController.swift */ = {isa = PBXFileReference; lastKnownFileType = sourcecode.swift; path = LoginViewController.swift; sourceTree = "<group>"; };
		BA550D532543E5F9003A7634 /* FeedViewController.swift */ = {isa = PBXFileReference; lastKnownFileType = sourcecode.swift; path = FeedViewController.swift; sourceTree = "<group>"; };
		BA550D582543F035003A7634 /* CameraViewController.swift */ = {isa = PBXFileReference; lastKnownFileType = sourcecode.swift; path = CameraViewController.swift; sourceTree = "<group>"; };
		BAC44485254D0A8E004E3854 /* CommentCell.swift */ = {isa = PBXFileReference; lastKnownFileType = sourcecode.swift; path = CommentCell.swift; sourceTree = "<group>"; };
		BC181150F653783191D9F9D2 /* Pods_Parsetagram.framework */ = {isa = PBXFileReference; explicitFileType = wrapper.framework; includeInIndex = 0; path = Pods_Parsetagram.framework; sourceTree = BUILT_PRODUCTS_DIR; };
		C3219B901A2A6A57ECC89101 /* Pods-Parsetagram.debug.xcconfig */ = {isa = PBXFileReference; includeInIndex = 1; lastKnownFileType = text.xcconfig; name = "Pods-Parsetagram.debug.xcconfig"; path = "Target Support Files/Pods-Parsetagram/Pods-Parsetagram.debug.xcconfig"; sourceTree = "<group>"; };
/* End PBXFileReference section */

/* Begin PBXFrameworksBuildPhase section */
		BA550D062543E0D7003A7634 /* Frameworks */ = {
			isa = PBXFrameworksBuildPhase;
			buildActionMask = 2147483647;
			files = (
				2DD1BAB1058AF05B0C030BBB /* Pods_Parsetagram.framework in Frameworks */,
			);
			runOnlyForDeploymentPostprocessing = 0;
		};
		BA550D1C2543E0D9003A7634 /* Frameworks */ = {
			isa = PBXFrameworksBuildPhase;
			buildActionMask = 2147483647;
			files = (
			);
			runOnlyForDeploymentPostprocessing = 0;
		};
		BA550D272543E0D9003A7634 /* Frameworks */ = {
			isa = PBXFrameworksBuildPhase;
			buildActionMask = 2147483647;
			files = (
			);
			runOnlyForDeploymentPostprocessing = 0;
		};
/* End PBXFrameworksBuildPhase section */

/* Begin PBXGroup section */
		1D74DFF4E7AED977A0E1F510 /* Frameworks */ = {
			isa = PBXGroup;
			children = (
				BC181150F653783191D9F9D2 /* Pods_Parsetagram.framework */,
			);
			name = Frameworks;
			sourceTree = "<group>";
		};
		BA550D002543E0D7003A7634 = {
			isa = PBXGroup;
			children = (
				BA550D0B2543E0D7003A7634 /* Parsetagram */,
				BA550D222543E0D9003A7634 /* ParsetagramTests */,
				BA550D2D2543E0D9003A7634 /* ParsetagramUITests */,
				BA550D0A2543E0D7003A7634 /* Products */,
				E12490750644DDB84F228880 /* Pods */,
				1D74DFF4E7AED977A0E1F510 /* Frameworks */,
			);
			sourceTree = "<group>";
		};
		BA550D0A2543E0D7003A7634 /* Products */ = {
			isa = PBXGroup;
			children = (
				BA550D092543E0D7003A7634 /* Parsetagram.app */,
				BA550D1F2543E0D9003A7634 /* ParsetagramTests.xctest */,
				BA550D2A2543E0D9003A7634 /* ParsetagramUITests.xctest */,
			);
			name = Products;
			sourceTree = "<group>";
		};
		BA550D0B2543E0D7003A7634 /* Parsetagram */ = {
			isa = PBXGroup;
			children = (
				BA550D0C2543E0D7003A7634 /* AppDelegate.swift */,
				BA550D0E2543E0D7003A7634 /* SceneDelegate.swift */,
				BA550D122543E0D7003A7634 /* Main.storyboard */,
				BA550D152543E0D8003A7634 /* Assets.xcassets */,
				BA550D172543E0D8003A7634 /* LaunchScreen.storyboard */,
				BA550D1A2543E0D8003A7634 /* Info.plist */,
				BA550D4E2543E5EA003A7634 /* LoginViewController.swift */,
				BA550D532543E5F9003A7634 /* FeedViewController.swift */,
				BA550D582543F035003A7634 /* CameraViewController.swift */,
				BA14D55B2544040100447BB6 /* PostCell.swift */,
				BAC44485254D0A8E004E3854 /* CommentCell.swift */,
			);
			path = Parsetagram;
			sourceTree = "<group>";
		};
		BA550D222543E0D9003A7634 /* ParsetagramTests */ = {
			isa = PBXGroup;
			children = (
				BA550D232543E0D9003A7634 /* ParsetagramTests.swift */,
				BA550D252543E0D9003A7634 /* Info.plist */,
			);
			path = ParsetagramTests;
			sourceTree = "<group>";
		};
		BA550D2D2543E0D9003A7634 /* ParsetagramUITests */ = {
			isa = PBXGroup;
			children = (
				BA550D2E2543E0D9003A7634 /* ParsetagramUITests.swift */,
				BA550D302543E0D9003A7634 /* Info.plist */,
			);
			path = ParsetagramUITests;
			sourceTree = "<group>";
		};
		E12490750644DDB84F228880 /* Pods */ = {
			isa = PBXGroup;
			children = (
				C3219B901A2A6A57ECC89101 /* Pods-Parsetagram.debug.xcconfig */,
				87896F7484224C2CF708EFB0 /* Pods-Parsetagram.release.xcconfig */,
			);
			path = Pods;
			sourceTree = "<group>";
		};
/* End PBXGroup section */

/* Begin PBXNativeTarget section */
		BA550D082543E0D7003A7634 /* Parsetagram */ = {
			isa = PBXNativeTarget;
			buildConfigurationList = BA550D332543E0D9003A7634 /* Build configuration list for PBXNativeTarget "Parsetagram" */;
			buildPhases = (
				F8F69BB5E5BBF58B6D8E8523 /* [CP] Check Pods Manifest.lock */,
				BA550D052543E0D7003A7634 /* Sources */,
				BA550D062543E0D7003A7634 /* Frameworks */,
				BA550D072543E0D7003A7634 /* Resources */,
				D6FB65DD77BCD1AADE6A28A7 /* [CP] Embed Pods Frameworks */,
			);
			buildRules = (
			);
			dependencies = (
			);
			name = Parsetagram;
			productName = Parsetagram;
			productReference = BA550D092543E0D7003A7634 /* Parsetagram.app */;
			productType = "com.apple.product-type.application";
		};
		BA550D1E2543E0D9003A7634 /* ParsetagramTests */ = {
			isa = PBXNativeTarget;
			buildConfigurationList = BA550D362543E0D9003A7634 /* Build configuration list for PBXNativeTarget "ParsetagramTests" */;
			buildPhases = (
				BA550D1B2543E0D9003A7634 /* Sources */,
				BA550D1C2543E0D9003A7634 /* Frameworks */,
				BA550D1D2543E0D9003A7634 /* Resources */,
			);
			buildRules = (
			);
			dependencies = (
				BA550D212543E0D9003A7634 /* PBXTargetDependency */,
			);
			name = ParsetagramTests;
			productName = ParsetagramTests;
			productReference = BA550D1F2543E0D9003A7634 /* ParsetagramTests.xctest */;
			productType = "com.apple.product-type.bundle.unit-test";
		};
		BA550D292543E0D9003A7634 /* ParsetagramUITests */ = {
			isa = PBXNativeTarget;
			buildConfigurationList = BA550D392543E0D9003A7634 /* Build configuration list for PBXNativeTarget "ParsetagramUITests" */;
			buildPhases = (
				BA550D262543E0D9003A7634 /* Sources */,
				BA550D272543E0D9003A7634 /* Frameworks */,
				BA550D282543E0D9003A7634 /* Resources */,
			);
			buildRules = (
			);
			dependencies = (
				BA550D2C2543E0D9003A7634 /* PBXTargetDependency */,
			);
			name = ParsetagramUITests;
			productName = ParsetagramUITests;
			productReference = BA550D2A2543E0D9003A7634 /* ParsetagramUITests.xctest */;
			productType = "com.apple.product-type.bundle.ui-testing";
		};
/* End PBXNativeTarget section */

/* Begin PBXProject section */
		BA550D012543E0D7003A7634 /* Project object */ = {
			isa = PBXProject;
			attributes = {
				LastSwiftUpdateCheck = 1210;
				LastUpgradeCheck = 1210;
				TargetAttributes = {
					BA550D082543E0D7003A7634 = {
						CreatedOnToolsVersion = 12.1;
					};
					BA550D1E2543E0D9003A7634 = {
						CreatedOnToolsVersion = 12.1;
						TestTargetID = BA550D082543E0D7003A7634;
					};
					BA550D292543E0D9003A7634 = {
						CreatedOnToolsVersion = 12.1;
						TestTargetID = BA550D082543E0D7003A7634;
					};
				};
			};
			buildConfigurationList = BA550D042543E0D7003A7634 /* Build configuration list for PBXProject "Parsetagram" */;
			compatibilityVersion = "Xcode 9.3";
			developmentRegion = en;
			hasScannedForEncodings = 0;
			knownRegions = (
				en,
				Base,
			);
			mainGroup = BA550D002543E0D7003A7634;
			productRefGroup = BA550D0A2543E0D7003A7634 /* Products */;
			projectDirPath = "";
			projectRoot = "";
			targets = (
				BA550D082543E0D7003A7634 /* Parsetagram */,
				BA550D1E2543E0D9003A7634 /* ParsetagramTests */,
				BA550D292543E0D9003A7634 /* ParsetagramUITests */,
			);
		};
/* End PBXProject section */

/* Begin PBXResourcesBuildPhase section */
		BA550D072543E0D7003A7634 /* Resources */ = {
			isa = PBXResourcesBuildPhase;
			buildActionMask = 2147483647;
			files = (
				BA550D192543E0D8003A7634 /* LaunchScreen.storyboard in Resources */,
				BA550D162543E0D8003A7634 /* Assets.xcassets in Resources */,
				BA550D142543E0D7003A7634 /* Main.storyboard in Resources */,
			);
			runOnlyForDeploymentPostprocessing = 0;
		};
		BA550D1D2543E0D9003A7634 /* Resources */ = {
			isa = PBXResourcesBuildPhase;
			buildActionMask = 2147483647;
			files = (
			);
			runOnlyForDeploymentPostprocessing = 0;
		};
		BA550D282543E0D9003A7634 /* Resources */ = {
			isa = PBXResourcesBuildPhase;
			buildActionMask = 2147483647;
			files = (
			);
			runOnlyForDeploymentPostprocessing = 0;
		};
/* End PBXResourcesBuildPhase section */

/* Begin PBXShellScriptBuildPhase section */
		D6FB65DD77BCD1AADE6A28A7 /* [CP] Embed Pods Frameworks */ = {
			isa = PBXShellScriptBuildPhase;
			buildActionMask = 2147483647;
			files = (
			);
			inputFileListPaths = (
				"${PODS_ROOT}/Target Support Files/Pods-Parsetagram/Pods-Parsetagram-frameworks-${CONFIGURATION}-input-files.xcfilelist",
			);
			name = "[CP] Embed Pods Frameworks";
			outputFileListPaths = (
				"${PODS_ROOT}/Target Support Files/Pods-Parsetagram/Pods-Parsetagram-frameworks-${CONFIGURATION}-output-files.xcfilelist",
			);
			runOnlyForDeploymentPostprocessing = 0;
			shellPath = /bin/sh;
			shellScript = "\"${PODS_ROOT}/Target Support Files/Pods-Parsetagram/Pods-Parsetagram-frameworks.sh\"\n";
			showEnvVarsInLog = 0;
		};
		F8F69BB5E5BBF58B6D8E8523 /* [CP] Check Pods Manifest.lock */ = {
			isa = PBXShellScriptBuildPhase;
			buildActionMask = 2147483647;
			files = (
			);
			inputFileListPaths = (
			);
			inputPaths = (
				"${PODS_PODFILE_DIR_PATH}/Podfile.lock",
				"${PODS_ROOT}/Manifest.lock",
			);
			name = "[CP] Check Pods Manifest.lock";
			outputFileListPaths = (
			);
			outputPaths = (
				"$(DERIVED_FILE_DIR)/Pods-Parsetagram-checkManifestLockResult.txt",
			);
			runOnlyForDeploymentPostprocessing = 0;
			shellPath = /bin/sh;
			shellScript = "diff \"${PODS_PODFILE_DIR_PATH}/Podfile.lock\" \"${PODS_ROOT}/Manifest.lock\" > /dev/null\nif [ $? != 0 ] ; then\n    # print error to STDERR\n    echo \"error: The sandbox is not in sync with the Podfile.lock. Run 'pod install' or update your CocoaPods installation.\" >&2\n    exit 1\nfi\n# This output is used by Xcode 'outputs' to avoid re-running this script phase.\necho \"SUCCESS\" > \"${SCRIPT_OUTPUT_FILE_0}\"\n";
			showEnvVarsInLog = 0;
		};
/* End PBXShellScriptBuildPhase section */

/* Begin PBXSourcesBuildPhase section */
		BA550D052543E0D7003A7634 /* Sources */ = {
			isa = PBXSourcesBuildPhase;
			buildActionMask = 2147483647;
			files = (
				BA550D4F2543E5EA003A7634 /* LoginViewController.swift in Sources */,
				BA550D592543F035003A7634 /* CameraViewController.swift in Sources */,
				BA550D0D2543E0D7003A7634 /* AppDelegate.swift in Sources */,
				BA550D542543E5F9003A7634 /* FeedViewController.swift in Sources */,
				BA550D0F2543E0D7003A7634 /* SceneDelegate.swift in Sources */,
				BA14D55C2544040100447BB6 /* PostCell.swift in Sources */,
				BAC44486254D0A8E004E3854 /* CommentCell.swift in Sources */,
			);
			runOnlyForDeploymentPostprocessing = 0;
		};
		BA550D1B2543E0D9003A7634 /* Sources */ = {
			isa = PBXSourcesBuildPhase;
			buildActionMask = 2147483647;
			files = (
				BA550D242543E0D9003A7634 /* ParsetagramTests.swift in Sources */,
			);
			runOnlyForDeploymentPostprocessing = 0;
		};
		BA550D262543E0D9003A7634 /* Sources */ = {
			isa = PBXSourcesBuildPhase;
			buildActionMask = 2147483647;
			files = (
				BA550D2F2543E0D9003A7634 /* ParsetagramUITests.swift in Sources */,
			);
			runOnlyForDeploymentPostprocessing = 0;
		};
/* End PBXSourcesBuildPhase section */

/* Begin PBXTargetDependency section */
		BA550D212543E0D9003A7634 /* PBXTargetDependency */ = {
			isa = PBXTargetDependency;
			target = BA550D082543E0D7003A7634 /* Parsetagram */;
			targetProxy = BA550D202543E0D9003A7634 /* PBXContainerItemProxy */;
		};
		BA550D2C2543E0D9003A7634 /* PBXTargetDependency */ = {
			isa = PBXTargetDependency;
			target = BA550D082543E0D7003A7634 /* Parsetagram */;
			targetProxy = BA550D2B2543E0D9003A7634 /* PBXContainerItemProxy */;
		};
/* End PBXTargetDependency section */

/* Begin PBXVariantGroup section */
		BA550D122543E0D7003A7634 /* Main.storyboard */ = {
			isa = PBXVariantGroup;
			children = (
				BA550D132543E0D7003A7634 /* Base */,
			);
			name = Main.storyboard;
			sourceTree = "<group>";
		};
		BA550D172543E0D8003A7634 /* LaunchScreen.storyboard */ = {
			isa = PBXVariantGroup;
			children = (
				BA550D182543E0D8003A7634 /* Base */,
			);
			name = LaunchScreen.storyboard;
			sourceTree = "<group>";
		};
/* End PBXVariantGroup section */

/* Begin XCBuildConfiguration section */
		BA550D312543E0D9003A7634 /* Debug */ = {
			isa = XCBuildConfiguration;
			buildSettings = {
				ALWAYS_SEARCH_USER_PATHS = NO;
				CLANG_ANALYZER_NONNULL = YES;
				CLANG_ANALYZER_NUMBER_OBJECT_CONVERSION = YES_AGGRESSIVE;
				CLANG_CXX_LANGUAGE_STANDARD = "gnu++14";
				CLANG_CXX_LIBRARY = "libc++";
				CLANG_ENABLE_MODULES = YES;
				CLANG_ENABLE_OBJC_ARC = YES;
				CLANG_ENABLE_OBJC_WEAK = YES;
				CLANG_WARN_BLOCK_CAPTURE_AUTORELEASING = YES;
				CLANG_WARN_BOOL_CONVERSION = YES;
				CLANG_WARN_COMMA = YES;
				CLANG_WARN_CONSTANT_CONVERSION = YES;
				CLANG_WARN_DEPRECATED_OBJC_IMPLEMENTATIONS = YES;
				CLANG_WARN_DIRECT_OBJC_ISA_USAGE = YES_ERROR;
				CLANG_WARN_DOCUMENTATION_COMMENTS = YES;
				CLANG_WARN_EMPTY_BODY = YES;
				CLANG_WARN_ENUM_CONVERSION = YES;
				CLANG_WARN_INFINITE_RECURSION = YES;
				CLANG_WARN_INT_CONVERSION = YES;
				CLANG_WARN_NON_LITERAL_NULL_CONVERSION = YES;
				CLANG_WARN_OBJC_IMPLICIT_RETAIN_SELF = YES;
				CLANG_WARN_OBJC_LITERAL_CONVERSION = YES;
				CLANG_WARN_OBJC_ROOT_CLASS = YES_ERROR;
				CLANG_WARN_QUOTED_INCLUDE_IN_FRAMEWORK_HEADER = YES;
				CLANG_WARN_RANGE_LOOP_ANALYSIS = YES;
				CLANG_WARN_STRICT_PROTOTYPES = YES;
				CLANG_WARN_SUSPICIOUS_MOVE = YES;
				CLANG_WARN_UNGUARDED_AVAILABILITY = YES_AGGRESSIVE;
				CLANG_WARN_UNREACHABLE_CODE = YES;
				CLANG_WARN__DUPLICATE_METHOD_MATCH = YES;
				COPY_PHASE_STRIP = NO;
				DEBUG_INFORMATION_FORMAT = dwarf;
				ENABLE_STRICT_OBJC_MSGSEND = YES;
				ENABLE_TESTABILITY = YES;
				GCC_C_LANGUAGE_STANDARD = gnu11;
				GCC_DYNAMIC_NO_PIC = NO;
				GCC_NO_COMMON_BLOCKS = YES;
				GCC_OPTIMIZATION_LEVEL = 0;
				GCC_PREPROCESSOR_DEFINITIONS = (
					"DEBUG=1",
					"$(inherited)",
				);
				GCC_WARN_64_TO_32_BIT_CONVERSION = YES;
				GCC_WARN_ABOUT_RETURN_TYPE = YES_ERROR;
				GCC_WARN_UNDECLARED_SELECTOR = YES;
				GCC_WARN_UNINITIALIZED_AUTOS = YES_AGGRESSIVE;
				GCC_WARN_UNUSED_FUNCTION = YES;
				GCC_WARN_UNUSED_VARIABLE = YES;
				IPHONEOS_DEPLOYMENT_TARGET = 14.1;
				MTL_ENABLE_DEBUG_INFO = INCLUDE_SOURCE;
				MTL_FAST_MATH = YES;
				ONLY_ACTIVE_ARCH = YES;
				SDKROOT = iphoneos;
				SWIFT_ACTIVE_COMPILATION_CONDITIONS = DEBUG;
				SWIFT_OPTIMIZATION_LEVEL = "-Onone";
			};
			name = Debug;
		};
		BA550D322543E0D9003A7634 /* Release */ = {
			isa = XCBuildConfiguration;
			buildSettings = {
				ALWAYS_SEARCH_USER_PATHS = NO;
				CLANG_ANALYZER_NONNULL = YES;
				CLANG_ANALYZER_NUMBER_OBJECT_CONVERSION = YES_AGGRESSIVE;
				CLANG_CXX_LANGUAGE_STANDARD = "gnu++14";
				CLANG_CXX_LIBRARY = "libc++";
				CLANG_ENABLE_MODULES = YES;
				CLANG_ENABLE_OBJC_ARC = YES;
				CLANG_ENABLE_OBJC_WEAK = YES;
				CLANG_WARN_BLOCK_CAPTURE_AUTORELEASING = YES;
				CLANG_WARN_BOOL_CONVERSION = YES;
				CLANG_WARN_COMMA = YES;
				CLANG_WARN_CONSTANT_CONVERSION = YES;
				CLANG_WARN_DEPRECATED_OBJC_IMPLEMENTATIONS = YES;
				CLANG_WARN_DIRECT_OBJC_ISA_USAGE = YES_ERROR;
				CLANG_WARN_DOCUMENTATION_COMMENTS = YES;
				CLANG_WARN_EMPTY_BODY = YES;
				CLANG_WARN_ENUM_CONVERSION = YES;
				CLANG_WARN_INFINITE_RECURSION = YES;
				CLANG_WARN_INT_CONVERSION = YES;
				CLANG_WARN_NON_LITERAL_NULL_CONVERSION = YES;
				CLANG_WARN_OBJC_IMPLICIT_RETAIN_SELF = YES;
				CLANG_WARN_OBJC_LITERAL_CONVERSION = YES;
				CLANG_WARN_OBJC_ROOT_CLASS = YES_ERROR;
				CLANG_WARN_QUOTED_INCLUDE_IN_FRAMEWORK_HEADER = YES;
				CLANG_WARN_RANGE_LOOP_ANALYSIS = YES;
				CLANG_WARN_STRICT_PROTOTYPES = YES;
				CLANG_WARN_SUSPICIOUS_MOVE = YES;
				CLANG_WARN_UNGUARDED_AVAILABILITY = YES_AGGRESSIVE;
				CLANG_WARN_UNREACHABLE_CODE = YES;
				CLANG_WARN__DUPLICATE_METHOD_MATCH = YES;
				COPY_PHASE_STRIP = NO;
				DEBUG_INFORMATION_FORMAT = "dwarf-with-dsym";
				ENABLE_NS_ASSERTIONS = NO;
				ENABLE_STRICT_OBJC_MSGSEND = YES;
				GCC_C_LANGUAGE_STANDARD = gnu11;
				GCC_NO_COMMON_BLOCKS = YES;
				GCC_WARN_64_TO_32_BIT_CONVERSION = YES;
				GCC_WARN_ABOUT_RETURN_TYPE = YES_ERROR;
				GCC_WARN_UNDECLARED_SELECTOR = YES;
				GCC_WARN_UNINITIALIZED_AUTOS = YES_AGGRESSIVE;
				GCC_WARN_UNUSED_FUNCTION = YES;
				GCC_WARN_UNUSED_VARIABLE = YES;
				IPHONEOS_DEPLOYMENT_TARGET = 14.1;
				MTL_ENABLE_DEBUG_INFO = NO;
				MTL_FAST_MATH = YES;
				SDKROOT = iphoneos;
				SWIFT_COMPILATION_MODE = wholemodule;
				SWIFT_OPTIMIZATION_LEVEL = "-O";
				VALIDATE_PRODUCT = YES;
			};
			name = Release;
		};
		BA550D342543E0D9003A7634 /* Debug */ = {
			isa = XCBuildConfiguration;
			baseConfigurationReference = C3219B901A2A6A57ECC89101 /* Pods-Parsetagram.debug.xcconfig */;
			buildSettings = {
				ASSETCATALOG_COMPILER_APPICON_NAME = AppIcon;
				ASSETCATALOG_COMPILER_GLOBAL_ACCENT_COLOR_NAME = AccentColor;
				CODE_SIGN_STYLE = Automatic;
				DEVELOPMENT_TEAM = Q5Y337773V;
				INFOPLIST_FILE = Parsetagram/Info.plist;
				LD_RUNPATH_SEARCH_PATHS = (
					"$(inherited)",
					"@executable_path/Frameworks",
				);
				PRODUCT_BUNDLE_IDENTIFIER = Codepath.Parsetagram;
				PRODUCT_NAME = "$(TARGET_NAME)";
				SWIFT_VERSION = 5.0;
				TARGETED_DEVICE_FAMILY = "1,2";
			};
			name = Debug;
		};
		BA550D352543E0D9003A7634 /* Release */ = {
			isa = XCBuildConfiguration;
			baseConfigurationReference = 87896F7484224C2CF708EFB0 /* Pods-Parsetagram.release.xcconfig */;
			buildSettings = {
				ASSETCATALOG_COMPILER_APPICON_NAME = AppIcon;
				ASSETCATALOG_COMPILER_GLOBAL_ACCENT_COLOR_NAME = AccentColor;
				CODE_SIGN_STYLE = Automatic;
				DEVELOPMENT_TEAM = Q5Y337773V;
				INFOPLIST_FILE = Parsetagram/Info.plist;
				LD_RUNPATH_SEARCH_PATHS = (
					"$(inherited)",
					"@executable_path/Frameworks",
				);
				PRODUCT_BUNDLE_IDENTIFIER = Codepath.Parsetagram;
				PRODUCT_NAME = "$(TARGET_NAME)";
				SWIFT_VERSION = 5.0;
				TARGETED_DEVICE_FAMILY = "1,2";
			};
			name = Release;
		};
		BA550D372543E0D9003A7634 /* Debug */ = {
			isa = XCBuildConfiguration;
			buildSettings = {
				ALWAYS_EMBED_SWIFT_STANDARD_LIBRARIES = YES;
				BUNDLE_LOADER = "$(TEST_HOST)";
				CODE_SIGN_STYLE = Automatic;
				DEVELOPMENT_TEAM = Q5Y337773V;
				INFOPLIST_FILE = ParsetagramTests/Info.plist;
				IPHONEOS_DEPLOYMENT_TARGET = 14.1;
				LD_RUNPATH_SEARCH_PATHS = (
					"$(inherited)",
					"@executable_path/Frameworks",
					"@loader_path/Frameworks",
				);
				PRODUCT_BUNDLE_IDENTIFIER = Codepath.ParsetagramTests;
				PRODUCT_NAME = "$(TARGET_NAME)";
				SWIFT_VERSION = 5.0;
				TARGETED_DEVICE_FAMILY = "1,2";
				TEST_HOST = "$(BUILT_PRODUCTS_DIR)/Parsetagram.app/Parsetagram";
			};
			name = Debug;
		};
		BA550D382543E0D9003A7634 /* Release */ = {
			isa = XCBuildConfiguration;
			buildSettings = {
				ALWAYS_EMBED_SWIFT_STANDARD_LIBRARIES = YES;
				BUNDLE_LOADER = "$(TEST_HOST)";
				CODE_SIGN_STYLE = Automatic;
				DEVELOPMENT_TEAM = Q5Y337773V;
				INFOPLIST_FILE = ParsetagramTests/Info.plist;
				IPHONEOS_DEPLOYMENT_TARGET = 14.1;
				LD_RUNPATH_SEARCH_PATHS = (
					"$(inherited)",
					"@executable_path/Frameworks",
					"@loader_path/Frameworks",
				);
				PRODUCT_BUNDLE_IDENTIFIER = Codepath.ParsetagramTests;
				PRODUCT_NAME = "$(TARGET_NAME)";
				SWIFT_VERSION = 5.0;
				TARGETED_DEVICE_FAMILY = "1,2";
				TEST_HOST = "$(BUILT_PRODUCTS_DIR)/Parsetagram.app/Parsetagram";
			};
			name = Release;
		};
		BA550D3A2543E0D9003A7634 /* Debug */ = {
			isa = XCBuildConfiguration;
			buildSettings = {
				ALWAYS_EMBED_SWIFT_STANDARD_LIBRARIES = YES;
				CODE_SIGN_STYLE = Automatic;
				DEVELOPMENT_TEAM = Q5Y337773V;
				INFOPLIST_FILE = ParsetagramUITests/Info.plist;
				LD_RUNPATH_SEARCH_PATHS = (
					"$(inherited)",
					"@executable_path/Frameworks",
					"@loader_path/Frameworks",
				);
				PRODUCT_BUNDLE_IDENTIFIER = Codepath.ParsetagramUITests;
				PRODUCT_NAME = "$(TARGET_NAME)";
				SWIFT_VERSION = 5.0;
				TARGETED_DEVICE_FAMILY = "1,2";
				TEST_TARGET_NAME = Parsetagram;
			};
			name = Debug;
		};
		BA550D3B2543E0D9003A7634 /* Release */ = {
			isa = XCBuildConfiguration;
			buildSettings = {
				ALWAYS_EMBED_SWIFT_STANDARD_LIBRARIES = YES;
				CODE_SIGN_STYLE = Automatic;
				DEVELOPMENT_TEAM = Q5Y337773V;
				INFOPLIST_FILE = ParsetagramUITests/Info.plist;
				LD_RUNPATH_SEARCH_PATHS = (
					"$(inherited)",
					"@executable_path/Frameworks",
					"@loader_path/Frameworks",
				);
				PRODUCT_BUNDLE_IDENTIFIER = Codepath.ParsetagramUITests;
				PRODUCT_NAME = "$(TARGET_NAME)";
				SWIFT_VERSION = 5.0;
				TARGETED_DEVICE_FAMILY = "1,2";
				TEST_TARGET_NAME = Parsetagram;
			};
			name = Release;
		};
/* End XCBuildConfiguration section */

/* Begin XCConfigurationList section */
		BA550D042543E0D7003A7634 /* Build configuration list for PBXProject "Parsetagram" */ = {
			isa = XCConfigurationList;
			buildConfigurations = (
				BA550D312543E0D9003A7634 /* Debug */,
				BA550D322543E0D9003A7634 /* Release */,
			);
			defaultConfigurationIsVisible = 0;
			defaultConfigurationName = Release;
		};
		BA550D332543E0D9003A7634 /* Build configuration list for PBXNativeTarget "Parsetagram" */ = {
			isa = XCConfigurationList;
			buildConfigurations = (
				BA550D342543E0D9003A7634 /* Debug */,
				BA550D352543E0D9003A7634 /* Release */,
			);
			defaultConfigurationIsVisible = 0;
			defaultConfigurationName = Release;
		};
		BA550D362543E0D9003A7634 /* Build configuration list for PBXNativeTarget "ParsetagramTests" */ = {
			isa = XCConfigurationList;
			buildConfigurations = (
				BA550D372543E0D9003A7634 /* Debug */,
				BA550D382543E0D9003A7634 /* Release */,
			);
			defaultConfigurationIsVisible = 0;
			defaultConfigurationName = Release;
		};
		BA550D392543E0D9003A7634 /* Build configuration list for PBXNativeTarget "ParsetagramUITests" */ = {
			isa = XCConfigurationList;
			buildConfigurations = (
				BA550D3A2543E0D9003A7634 /* Debug */,
				BA550D3B2543E0D9003A7634 /* Release */,
			);
			defaultConfigurationIsVisible = 0;
			defaultConfigurationName = Release;
		};
/* End XCConfigurationList section */
	};
	rootObject = BA550D012543E0D7003A7634 /* Project object */;
}
